// !$*UTF8*$!
{
	archiveVersion = 1;
	classes = {
	};
	objectVersion = 48;
	objects = {

/* Begin PBXBuildFile section */
		E5160E392137967000EE6A44 /* YCMenuView.m in Sources */ = {isa = PBXBuildFile; fileRef = E5160E372137967000EE6A44 /* YCMenuView.m */; };
		E5160E3C2137968000EE6A44 /* TestViewController.m in Sources */ = {isa = PBXBuildFile; fileRef = E5160E3B2137968000EE6A44 /* TestViewController.m */; };
		E5DE2D6F20AE59A300CA20B1 /* AppDelegate.m in Sources */ = {isa = PBXBuildFile; fileRef = E5DE2D6E20AE59A300CA20B1 /* AppDelegate.m */; };
		E5DE2D7220AE59A300CA20B1 /* ViewController.m in Sources */ = {isa = PBXBuildFile; fileRef = E5DE2D7120AE59A300CA20B1 /* ViewController.m */; };
		E5DE2D7520AE59A300CA20B1 /* Main.storyboard in Resources */ = {isa = PBXBuildFile; fileRef = E5DE2D7320AE59A300CA20B1 /* Main.storyboard */; };
		E5DE2D7720AE59A300CA20B1 /* Assets.xcassets in Resources */ = {isa = PBXBuildFile; fileRef = E5DE2D7620AE59A300CA20B1 /* Assets.xcassets */; };
		E5DE2D7A20AE59A300CA20B1 /* LaunchScreen.storyboard in Resources */ = {isa = PBXBuildFile; fileRef = E5DE2D7820AE59A300CA20B1 /* LaunchScreen.storyboard */; };
		E5DE2D7D20AE59A300CA20B1 /* main.m in Sources */ = {isa = PBXBuildFile; fileRef = E5DE2D7C20AE59A300CA20B1 /* main.m */; };
/* End PBXBuildFile section */

/* Begin PBXFileReference section */
		E5160E372137967000EE6A44 /* YCMenuView.m */ = {isa = PBXFileReference; fileEncoding = 4; lastKnownFileType = sourcecode.c.objc; path = YCMenuView.m; sourceTree = "<group>"; };
		E5160E382137967000EE6A44 /* YCMenuView.h */ = {isa = PBXFileReference; fileEncoding = 4; lastKnownFileType = sourcecode.c.h; path = YCMenuView.h; sourceTree = "<group>"; };
		E5160E3A2137967F00EE6A44 /* TestViewController.h */ = {isa = PBXFileReference; fileEncoding = 4; lastKnownFileType = sourcecode.c.h; path = TestViewController.h; sourceTree = "<group>"; };
		E5160E3B2137968000EE6A44 /* TestViewController.m */ = {isa = PBXFileReference; fileEncoding = 4; lastKnownFileType = sourcecode.c.objc; path = TestViewController.m; sourceTree = "<group>"; };
		E5DE2D6A20AE59A300CA20B1 /* Demo.app */ = {isa = PBXFileReference; explicitFileType = wrapper.application; includeInIndex = 0; path = Demo.app; sourceTree = BUILT_PRODUCTS_DIR; };
		E5DE2D6D20AE59A300CA20B1 /* AppDelegate.h */ = {isa = PBXFileReference; lastKnownFileType = sourcecode.c.h; path = AppDelegate.h; sourceTree = "<group>"; };
		E5DE2D6E20AE59A300CA20B1 /* AppDelegate.m */ = {isa = PBXFileReference; lastKnownFileType = sourcecode.c.objc; path = AppDelegate.m; sourceTree = "<group>"; };
		E5DE2D7020AE59A300CA20B1 /* ViewController.h */ = {isa = PBXFileReference; lastKnownFileType = sourcecode.c.h; path = ViewController.h; sourceTree = "<group>"; };
		E5DE2D7120AE59A300CA20B1 /* ViewController.m */ = {isa = PBXFileReference; lastKnownFileType = sourcecode.c.objc; path = ViewController.m; sourceTree = "<group>"; };
		E5DE2D7420AE59A300CA20B1 /* Base */ = {isa = PBXFileReference; lastKnownFileType = file.storyboard; name = Base; path = Base.lproj/Main.storyboard; sourceTree = "<group>"; };
		E5DE2D7620AE59A300CA20B1 /* Assets.xcassets */ = {isa = PBXFileReference; lastKnownFileType = folder.assetcatalog; path = Assets.xcassets; sourceTree = "<group>"; };
		E5DE2D7920AE59A300CA20B1 /* Base */ = {isa = PBXFileReference; lastKnownFileType = file.storyboard; name = Base; path = Base.lproj/LaunchScreen.storyboard; sourceTree = "<group>"; };
		E5DE2D7B20AE59A300CA20B1 /* Info.plist */ = {isa = PBXFileReference; lastKnownFileType = text.plist.xml; path = Info.plist; sourceTree = "<group>"; };
		E5DE2D7C20AE59A300CA20B1 /* main.m */ = {isa = PBXFileReference; lastKnownFileType = sourcecode.c.objc; path = main.m; sourceTree = "<group>"; };
/* End PBXFileReference section */

/* Begin PBXFrameworksBuildPhase section */
		E5DE2D6720AE59A300CA20B1 /* Frameworks */ = {
			isa = PBXFrameworksBuildPhase;
			buildActionMask = 2147483647;
			files = (
			);
			runOnlyForDeploymentPostprocessing = 0;
		};
/* End PBXFrameworksBuildPhase section */

/* Begin PBXGroup section */
		E5DE2D6120AE59A300CA20B1 = {
			isa = PBXGroup;
			children = (
				E5DE2D6C20AE59A300CA20B1 /* Demo */,
				E5DE2D6B20AE59A300CA20B1 /* Products */,
			);
			sourceTree = "<group>";
		};
		E5DE2D6B20AE59A300CA20B1 /* Products */ = {
			isa = PBXGroup;
			children = (
				E5DE2D6A20AE59A300CA20B1 /* Demo.app */,
			);
			name = Products;
			sourceTree = "<group>";
		};
		E5DE2D6C20AE59A300CA20B1 /* Demo */ = {
			isa = PBXGroup;
			children = (
				E5160E382137967000EE6A44 /* YCMenuView.h */,
				E5160E372137967000EE6A44 /* YCMenuView.m */,
				E5160E3A2137967F00EE6A44 /* TestViewController.h */,
				E5160E3B2137968000EE6A44 /* TestViewController.m */,
				E5DE2D6D20AE59A300CA20B1 /* AppDelegate.h */,
				E5DE2D6E20AE59A300CA20B1 /* AppDelegate.m */,
				E5DE2D7020AE59A300CA20B1 /* ViewController.h */,
				E5DE2D7120AE59A300CA20B1 /* ViewController.m */,
				E5DE2D7320AE59A300CA20B1 /* Main.storyboard */,
				E5DE2D7620AE59A300CA20B1 /* Assets.xcassets */,
				E5DE2D7820AE59A300CA20B1 /* LaunchScreen.storyboard */,
				E5DE2D7B20AE59A300CA20B1 /* Info.plist */,
				E5DE2D7C20AE59A300CA20B1 /* main.m */,
			);
			path = Demo;
			sourceTree = "<group>";
		};
/* End PBXGroup section */

/* Begin PBXNativeTarget section */
		E5DE2D6920AE59A300CA20B1 /* Demo */ = {
			isa = PBXNativeTarget;
			buildConfigurationList = E5DE2D8020AE59A300CA20B1 /* Build configuration list for PBXNativeTarget "Demo" */;
			buildPhases = (
				E5DE2D6620AE59A300CA20B1 /* Sources */,
				E5DE2D6720AE59A300CA20B1 /* Frameworks */,
				E5DE2D6820AE59A300CA20B1 /* Resources */,
			);
			buildRules = (
			);
			dependencies = (
			);
			name = Demo;
			productName = Demo;
			productReference = E5DE2D6A20AE59A300CA20B1 /* Demo.app */;
			productType = "com.apple.product-type.application";
		};
/* End PBXNativeTarget section */

/* Begin PBXProject section */
		E5DE2D6220AE59A300CA20B1 /* Project object */ = {
			isa = PBXProject;
			attributes = {
				LastUpgradeCheck = 0920;
				ORGANIZATIONNAME = WellsCai;
				TargetAttributes = {
					E5DE2D6920AE59A300CA20B1 = {
						CreatedOnToolsVersion = 9.2;
						ProvisioningStyle = Automatic;
					};
				};
			};
			buildConfigurationList = E5DE2D6520AE59A300CA20B1 /* Build configuration list for PBXProject "Demo" */;
			compatibilityVersion = "Xcode 8.0";
			developmentRegion = en;
			hasScannedForEncodings = 0;
			knownRegions = (
				en,
				Base,
			);
			mainGroup = E5DE2D6120AE59A300CA20B1;
			productRefGroup = E5DE2D6B20AE59A300CA20B1 /* Products */;
			projectDirPath = "";
			projectRoot = "";
			targets = (
				E5DE2D6920AE59A300CA20B1 /* Demo */,
			);
		};
/* End PBXProject section */

/* Begin PBXResourcesBuildPhase section */
		E5DE2D6820AE59A300CA20B1 /* Resources */ = {
			isa = PBXResourcesBuildPhase;
			buildActionMask = 2147483647;
			files = (
				E5DE2D7A20AE59A300CA20B1 /* LaunchScreen.storyboard in Resources */,
				E5DE2D7720AE59A300CA20B1 /* Assets.xcassets in Resources */,
				E5DE2D7520AE59A300CA20B1 /* Main.storyboard in Resources */,
			);
			runOnlyForDeploymentPostprocessing = 0;
		};
/* End PBXResourcesBuildPhase section */

/* Begin PBXSourcesBuildPhase section */
		E5DE2D6620AE59A300CA20B1 /* Sources */ = {
			isa = PBXSourcesBuildPhase;
			buildActionMask = 2147483647;
			files = (
				E5DE2D7220AE59A300CA20B1 /* ViewController.m in Sources */,
				E5DE2D7D20AE59A300CA20B1 /* main.m in Sources */,
				E5DE2D6F20AE59A300CA20B1 /* AppDelegate.m in Sources */,
				E5160E392137967000EE6A44 /* YCMenuView.m in Sources */,
				E5160E3C2137968000EE6A44 /* TestViewController.m in Sources */,
			);
			runOnlyForDeploymentPostprocessing = 0;
		};
/* End PBXSourcesBuildPhase section */

/* Begin PBXVariantGroup section */
		E5DE2D7320AE59A300CA20B1 /* Main.storyboard */ = {
			isa = PBXVariantGroup;
			children = (
				E5DE2D7420AE59A300CA20B1 /* Base */,
			);
			name = Main.storyboard;
			sourceTree = "<group>";
		};
		E5DE2D7820AE59A300CA20B1 /* LaunchScreen.storyboard */ = {
			isa = PBXVariantGroup;
			children = (
				E5DE2D7920AE59A300CA20B1 /* Base */,
			);
			name = LaunchScreen.storyboard;
			sourceTree = "<group>";
		};
/* End PBXVariantGroup section */

/* Begin XCBuildConfiguration section */
		E5DE2D7E20AE59A300CA20B1 /* Debug */ = {
			isa = XCBuildConfiguration;
			buildSettings = {
				ALWAYS_SEARCH_USER_PATHS = NO;
				CLANG_ANALYZER_NONNULL = YES;
				CLANG_ANALYZER_NUMBER_OBJECT_CONVERSION = YES_AGGRESSIVE;
				CLANG_CXX_LANGUAGE_STANDARD = "gnu++14";
				CLANG_CXX_LIBRARY = "libc++";
				CLANG_ENABLE_MODULES = YES;
				CLANG_ENABLE_OBJC_ARC = YES;
				CLANG_WARN_BLOCK_CAPTURE_AUTORELEASING = YES;
				CLANG_WARN_BOOL_CONVERSION = YES;
				CLANG_WARN_COMMA = YES;
				CLANG_WARN_CONSTANT_CONVERSION = YES;
				CLANG_WARN_DIRECT_OBJC_ISA_USAGE = YES_ERROR;
				CLANG_WARN_DOCUMENTATION_COMMENTS = YES;
				CLANG_WARN_EMPTY_BODY = YES;
				CLANG_WARN_ENUM_CONVERSION = YES;
				CLANG_WARN_INFINITE_RECURSION = YES;
				CLANG_WARN_INT_CONVERSION = YES;
				CLANG_WARN_NON_LITERAL_NULL_CONVERSION = YES;
				CLANG_WARN_OBJC_LITERAL_CONVERSION = YES;
				CLANG_WARN_OBJC_ROOT_CLASS = YES_ERROR;
				CLANG_WARN_RANGE_LOOP_ANALYSIS = YES;
				CLANG_WARN_STRICT_PROTOTYPES = YES;
				CLANG_WARN_SUSPICIOUS_MOVE = YES;
				CLANG_WARN_UNGUARDED_AVAILABILITY = YES_AGGRESSIVE;
				CLANG_WARN_UNREACHABLE_CODE = YES;
				CLANG_WARN__DUPLICATE_METHOD_MATCH = YES;
				CODE_SIGN_IDENTITY = "iPhone Developer";
				COPY_PHASE_STRIP = NO;
				DEBUG_INFORMATION_FORMAT = dwarf;
				ENABLE_STRICT_OBJC_MSGSEND = YES;
				ENABLE_TESTABILITY = YES;
				GCC_C_LANGUAGE_STANDARD = gnu11;
				GCC_DYNAMIC_NO_PIC = NO;
				GCC_NO_COMMON_BLOCKS = YES;
				GCC_OPTIMIZATION_LEVEL = 0;
				GCC_PREPROCESSOR_DEFINITIONS = (
					"DEBUG=1",
					"$(inherited)",
				);
				GCC_WARN_64_TO_32_BIT_CONVERSION = YES;
				GCC_WARN_ABOUT_RETURN_TYPE = YES_ERROR;
				GCC_WARN_UNDECLARED_SELECTOR = YES;
				GCC_WARN_UNINITIALIZED_AUTOS = YES_AGGRESSIVE;
				GCC_WARN_UNUSED_FUNCTION = YES;
				GCC_WARN_UNUSED_VARIABLE = YES;
				IPHONEOS_DEPLOYMENT_TARGET = 9.0;
				MTL_ENABLE_DEBUG_INFO = YES;
				ONLY_ACTIVE_ARCH = YES;
				SDKROOT = iphoneos;
			};
			name = Debug;
		};
		E5DE2D7F20AE59A300CA20B1 /* Release */ = {
			isa = XCBuildConfiguration;
			buildSettings = {
				ALWAYS_SEARCH_USER_PATHS = NO;
				CLANG_ANALYZER_NONNULL = YES;
				CLANG_ANALYZER_NUMBER_OBJECT_CONVERSION = YES_AGGRESSIVE;
				CLANG_CXX_LANGUAGE_STANDARD = "gnu++14";
				CLANG_CXX_LIBRARY = "libc++";
				CLANG_ENABLE_MODULES = YES;
				CLANG_ENABLE_OBJC_ARC = YES;
				CLANG_WARN_BLOCK_CAPTURE_AUTORELEASING = YES;
				CLANG_WARN_BOOL_CONVERSION = YES;
				CLANG_WARN_COMMA = YES;
				CLANG_WARN_CONSTANT_CONVERSION = YES;
				CLANG_WARN_DIRECT_OBJC_ISA_USAGE = YES_ERROR;
				CLANG_WARN_DOCUMENTATION_COMMENTS = YES;
				CLANG_WARN_EMPTY_BODY = YES;
				CLANG_WARN_ENUM_CONVERSION = YES;
				CLANG_WARN_INFINITE_RECURSION = YES;
				CLANG_WARN_INT_CONVERSION = YES;
				CLANG_WARN_NON_LITERAL_NULL_CONVERSION = YES;
				CLANG_WARN_OBJC_LITERAL_CONVERSION = YES;
				CLANG_WARN_OBJC_ROOT_CLASS = YES_ERROR;
				CLANG_WARN_RANGE_LOOP_ANALYSIS = YES;
				CLANG_WARN_STRICT_PROTOTYPES = YES;
				CLANG_WARN_SUSPICIOUS_MOVE = YES;
				CLANG_WARN_UNGUARDED_AVAILABILITY = YES_AGGRESSIVE;
				CLANG_WARN_UNREACHABLE_CODE = YES;
				CLANG_WARN__DUPLICATE_METHOD_MATCH = YES;
				CODE_SIGN_IDENTITY = "iPhone Developer";
				COPY_PHASE_STRIP = NO;
				DEBUG_INFORMATION_FORMAT = "dwarf-with-dsym";
				ENABLE_NS_ASSERTIONS = NO;
				ENABLE_STRICT_OBJC_MSGSEND = YES;
				GCC_C_LANGUAGE_STANDARD = gnu11;
				GCC_NO_COMMON_BLOCKS = YES;
				GCC_WARN_64_TO_32_BIT_CONVERSION = YES;
				GCC_WARN_ABOUT_RETURN_TYPE = YES_ERROR;
				GCC_WARN_UNDECLARED_SELECTOR = YES;
				GCC_WARN_UNINITIALIZED_AUTOS = YES_AGGRESSIVE;
				GCC_WARN_UNUSED_FUNCTION = YES;
				GCC_WARN_UNUSED_VARIABLE = YES;
				IPHONEOS_DEPLOYMENT_TARGET = 9.0;
				MTL_ENABLE_DEBUG_INFO = NO;
				SDKROOT = iphoneos;
				VALIDATE_PRODUCT = YES;
			};
			name = Release;
		};
		E5DE2D8120AE59A300CA20B1 /* Debug */ = {
			isa = XCBuildConfiguration;
			buildSettings = {
				ASSETCATALOG_COMPILER_APPICON_NAME = AppIcon;
				CODE_SIGN_STYLE = Automatic;
				DEVELOPMENT_TEAM = S6X943LZML;
				INFOPLIST_FILE = Demo/Info.plist;
				LD_RUNPATH_SEARCH_PATHS = "$(inherited) @executable_path/Frameworks";
				PRODUCT_BUNDLE_IDENTIFIER = com.ylz.Demo;
				PRODUCT_NAME = "$(TARGET_NAME)";
				TARGETED_DEVICE_FAMILY = "1,2";
			};
			name = Debug;
		};
		E5DE2D8220AE59A300CA20B1 /* Release */ = {
			isa = XCBuildConfiguration;
			buildSettings = {
				ASSETCATALOG_COMPILER_APPICON_NAME = AppIcon;
				CODE_SIGN_STYLE = Automatic;
				DEVELOPMENT_TEAM = S6X943LZML;
				INFOPLIST_FILE = Demo/Info.plist;
				LD_RUNPATH_SEARCH_PATHS = "$(inherited) @executable_path/Frameworks";
				PRODUCT_BUNDLE_IDENTIFIER = com.ylz.Demo;
				PRODUCT_NAME = "$(TARGET_NAME)";
				TARGETED_DEVICE_FAMILY = "1,2";
			};
			name = Release;
		};
/* End XCBuildConfiguration section */

/* Begin XCConfigurationList section */
		E5DE2D6520AE59A300CA20B1 /* Build configuration list for PBXProject "Demo" */ = {
			isa = XCConfigurationList;
			buildConfigurations = (
				E5DE2D7E20AE59A300CA20B1 /* Debug */,
				E5DE2D7F20AE59A300CA20B1 /* Release */,
			);
			defaultConfigurationIsVisible = 0;
			defaultConfigurationName = Release;
		};
		E5DE2D8020AE59A300CA20B1 /* Build configuration list for PBXNativeTarget "Demo" */ = {
			isa = XCConfigurationList;
			buildConfigurations = (
				E5DE2D8120AE59A300CA20B1 /* Debug */,
				E5DE2D8220AE59A300CA20B1 /* Release */,
			);
			defaultConfigurationIsVisible = 0;
			defaultConfigurationName = Release;
		};
/* End XCConfigurationList section */
	};
	rootObject = E5DE2D6220AE59A300CA20B1 /* Project object */;
}
